
Microsoft Visual Studio Solution File, Format Version 12.00
# Visual Studio 15
Project("{FAE04EC0-301F-11D3-BF4B-00C04F79EFBC}") = "ChannelNIneTutorial", "ChannelNIneTutorial\ChannelNIneTutorial.csproj", "{0DD5B11F-0AAF-452A-88A1-098D582C90E9}"
EndProject
Project("{FAE04EC0-301F-11D3-BF4B-00C04F79EFBC}") = "DatesAndTimes", "DatesAndTimes\DatesAndTimes.csproj", "{18ED3B9A-B62D-4B6A-8E10-FB42D9B42A27}"
EndProject
Project("{FAE04EC0-301F-11D3-BF4B-00C04F79EFBC}") = "WorkingWithStrings", "WorkingWithStrings\WorkingWithStrings.csproj", "{84EB8E3F-D339-4A29-96ED-8B38DF6538C6}"
EndProject
Project("{FAE04EC0-301F-11D3-BF4B-00C04F79EFBC}") = "SimpleClasses", "SimpleClasses\SimpleClasses.csproj", "{29895A57-8DF6-414E-A547-38208BD6CDFF}"
EndProject
Project("{FAE04EC0-301F-11D3-BF4B-00C04F79EFBC}") = "UnderstandingScope", "UnderstandingScope\UnderstandingScope.csproj", "{FCC2D6BA-5BF9-424D-8E6D-9CBF780E9B99}"
EndProject
Project("{FAE04EC0-301F-11D3-BF4B-00C04F79EFBC}") = "ObjectLifetime", "ObjectLifetime\ObjectLifetime.csproj", "{B04E21A8-7547-42A3-8369-CABDC299ED61}"
EndProject
Project("{FAE04EC0-301F-11D3-BF4B-00C04F79EFBC}") = "UnderstandingLINQ", "UnderstandingLINQ\UnderstandingLINQ.csproj", "{A803DF0E-6C44-48FB-9CB0-FB10DB4B8BB7}"
EndProject
Global
	GlobalSection(SolutionConfigurationPlatforms) = preSolution
		Debug|Any CPU = Debug|Any CPU
		Release|Any CPU = Release|Any CPU
	EndGlobalSection
	GlobalSection(ProjectConfigurationPlatforms) = postSolution
		{0DD5B11F-0AAF-452A-88A1-098D582C90E9}.Debug|Any CPU.ActiveCfg = Debug|Any CPU
		{0DD5B11F-0AAF-452A-88A1-098D582C90E9}.Debug|Any CPU.Build.0 = Debug|Any CPU
		{0DD5B11F-0AAF-452A-88A1-098D582C90E9}.Release|Any CPU.ActiveCfg = Release|Any CPU
		{0DD5B11F-0AAF-452A-88A1-098D582C90E9}.Release|Any CPU.Build.0 = Release|Any CPU
		{18ED3B9A-B62D-4B6A-8E10-FB42D9B42A27}.Debug|Any CPU.ActiveCfg = Debug|Any CPU
		{18ED3B9A-B62D-4B6A-8E10-FB42D9B42A27}.Debug|Any CPU.Build.0 = Debug|Any CPU
		{18ED3B9A-B62D-4B6A-8E10-FB42D9B42A27}.Release|Any CPU.ActiveCfg = Release|Any CPU
		{18ED3B9A-B62D-4B6A-8E10-FB42D9B42A27}.Release|Any CPU.Build.0 = Release|Any CPU
		{84EB8E3F-D339-4A29-96ED-8B38DF6538C6}.Debug|Any CPU.ActiveCfg = Debug|Any CPU
		{84EB8E3F-D339-4A29-96ED-8B38DF6538C6}.Debug|Any CPU.Build.0 = Debug|Any CPU
		{84EB8E3F-D339-4A29-96ED-8B38DF6538C6}.Release|Any CPU.ActiveCfg = Release|Any CPU
		{84EB8E3F-D339-4A29-96ED-8B38DF6538C6}.Release|Any CPU.Build.0 = Release|Any CPU
		{29895A57-8DF6-414E-A547-38208BD6CDFF}.Debug|Any CPU.ActiveCfg = Debug|Any CPU
		{29895A57-8DF6-414E-A547-38208BD6CDFF}.Debug|Any CPU.Build.0 = Debug|Any CPU
		{29895A57-8DF6-414E-A547-38208BD6CDFF}.Release|Any CPU.ActiveCfg = Release|Any CPU
		{29895A57-8DF6-414E-A547-38208BD6CDFF}.Release|Any CPU.Build.0 = Release|Any CPU
		{FCC2D6BA-5BF9-424D-8E6D-9CBF780E9B99}.Debug|Any CPU.ActiveCfg = Debug|Any CPU
		{FCC2D6BA-5BF9-424D-8E6D-9CBF780E9B99}.Debug|Any CPU.Build.0 = Debug|Any CPU
		{FCC2D6BA-5BF9-424D-8E6D-9CBF780E9B99}.Release|Any CPU.ActiveCfg = Release|Any CPU
		{FCC2D6BA-5BF9-424D-8E6D-9CBF780E9B99}.Release|Any CPU.Build.0 = Release|Any CPU
		{B04E21A8-7547-42A3-8369-CABDC299ED61}.Debug|Any CPU.ActiveCfg = Debug|Any CPU
		{B04E21A8-7547-42A3-8369-CABDC299ED61}.Debug|Any CPU.Build.0 = Debug|Any CPU
		{B04E21A8-7547-42A3-8369-CABDC299ED61}.Release|Any CPU.ActiveCfg = Release|Any CPU
		{B04E21A8-7547-42A3-8369-CABDC299ED61}.Release|Any CPU.Build.0 = Release|Any CPU
		{A803DF0E-6C44-48FB-9CB0-FB10DB4B8BB7}.Debug|Any CPU.ActiveCfg = Debug|Any CPU
		{A803DF0E-6C44-48FB-9CB0-FB10DB4B8BB7}.Debug|Any CPU.Build.0 = Debug|Any CPU
		{A803DF0E-6C44-48FB-9CB0-FB10DB4B8BB7}.Release|Any CPU.ActiveCfg = Release|Any CPU
		{A803DF0E-6C44-48FB-9CB0-FB10DB4B8BB7}.Release|Any CPU.Build.0 = Release|Any CPU
	EndGlobalSection
EndGlobal
